
PODS:
- ADClusterMapView (0.0.1)
- AFNetworking (1.0.1)
- TestFlightSDK (1.2.beta2)
- XMLDictionary (2.0.0)

DEPENDENCIES:
- ADClusterMapView
- AFNetworking
- TestFlightSDK
- XMLDictionary

SPEC CHECKSUMS:
  ADClusterMapView: 77b052dcae47ee8ffd4ae337e2e298fbb5d0fb0a
  AFNetworking: 4c11f857c9a18d65f4257c90a1e74ac49f0ac422
  TestFlightSDK: 964167fdbf681a26e4452d087b779cafcba756ae
  XMLDictionary: d41dcb25b03e480f374551037396f4fc1307ff1c

COCOAPODS: 0.15.2
