// !$*UTF8*$!
{
	archiveVersion = 1;
	classes = {
	};
	objectVersion = 46;
	objects = {

/* Begin PBXBuildFile section */
		9F46EEB715504919009EFE4A /* UIKit.framework in Frameworks */ = {isa = PBXBuildFile; fileRef = 9F46EEB615504919009EFE4A /* UIKit.framework */; };
		9F46EEB915504919009EFE4A /* Foundation.framework in Frameworks */ = {isa = PBXBuildFile; fileRef = 9F46EEB815504919009EFE4A /* Foundation.framework */; };
		9F46EEBB15504919009EFE4A /* CoreGraphics.framework in Frameworks */ = {isa = PBXBuildFile; fileRef = 9F46EEBA15504919009EFE4A /* CoreGraphics.framework */; };
		9F46EEC115504919009EFE4A /* InfoPlist.strings in Resources */ = {isa = PBXBuildFile; fileRef = 9F46EEBF15504919009EFE4A /* InfoPlist.strings */; };
		9F46EEC315504919009EFE4A /* main.m in Sources */ = {isa = PBXBuildFile; fileRef = 9F46EEC215504919009EFE4A /* main.m */; };
		9F46EEC715504919009EFE4A /* CTAppDelegate.m in Sources */ = {isa = PBXBuildFile; fileRef = 9F46EEC615504919009EFE4A /* CTAppDelegate.m */; };
		9F46EECA15504919009EFE4A /* MainStoryboard.storyboard in Resources */ = {isa = PBXBuildFile; fileRef = 9F46EEC815504919009EFE4A /* MainStoryboard.storyboard */; };
		9F46EECD15504919009EFE4A /* CTFirstViewController.m in Sources */ = {isa = PBXBuildFile; fileRef = 9F46EECC15504919009EFE4A /* CTFirstViewController.m */; };
		9F46EECF15504919009EFE4A /* first.png in Resources */ = {isa = PBXBuildFile; fileRef = 9F46EECE15504919009EFE4A /* first.png */; };
		9F46EED115504919009EFE4A /* first@2x.png in Resources */ = {isa = PBXBuildFile; fileRef = 9F46EED015504919009EFE4A /* first@2x.png */; };
		9F46EED415504919009EFE4A /* CTSecondViewController.m in Sources */ = {isa = PBXBuildFile; fileRef = 9F46EED315504919009EFE4A /* CTSecondViewController.m */; };
		9F46EED615504919009EFE4A /* second.png in Resources */ = {isa = PBXBuildFile; fileRef = 9F46EED515504919009EFE4A /* second.png */; };
		9F46EED815504919009EFE4A /* second@2x.png in Resources */ = {isa = PBXBuildFile; fileRef = 9F46EED715504919009EFE4A /* second@2x.png */; };
		9F46EEE015504919009EFE4A /* SenTestingKit.framework in Frameworks */ = {isa = PBXBuildFile; fileRef = 9F46EEDF15504919009EFE4A /* SenTestingKit.framework */; };
		9F46EEE115504919009EFE4A /* UIKit.framework in Frameworks */ = {isa = PBXBuildFile; fileRef = 9F46EEB615504919009EFE4A /* UIKit.framework */; };
		9F46EEE215504919009EFE4A /* Foundation.framework in Frameworks */ = {isa = PBXBuildFile; fileRef = 9F46EEB815504919009EFE4A /* Foundation.framework */; };
		9F46EEEA15504919009EFE4A /* InfoPlist.strings in Resources */ = {isa = PBXBuildFile; fileRef = 9F46EEE815504919009EFE4A /* InfoPlist.strings */; };
		9F46EEED15504919009EFE4A /* CincyTrafficTests.m in Sources */ = {isa = PBXBuildFile; fileRef = 9F46EEEC15504919009EFE4A /* CincyTrafficTests.m */; };
/* End PBXBuildFile section */

/* Begin PBXContainerItemProxy section */
		9F46EEE315504919009EFE4A /* PBXContainerItemProxy */ = {
			isa = PBXContainerItemProxy;
			containerPortal = 9F46EEA915504919009EFE4A /* Project object */;
			proxyType = 1;
			remoteGlobalIDString = 9F46EEB115504919009EFE4A;
			remoteInfo = CincyTraffic;
		};
/* End PBXContainerItemProxy section */

/* Begin PBXFileReference section */
		9F46EEB215504919009EFE4A /* CincyTraffic.app */ = {isa = PBXFileReference; explicitFileType = wrapper.application; includeInIndex = 0; path = CincyTraffic.app; sourceTree = BUILT_PRODUCTS_DIR; };
		9F46EEB615504919009EFE4A /* UIKit.framework */ = {isa = PBXFileReference; lastKnownFileType = wrapper.framework; name = UIKit.framework; path = System/Library/Frameworks/UIKit.framework; sourceTree = SDKROOT; };
		9F46EEB815504919009EFE4A /* Foundation.framework */ = {isa = PBXFileReference; lastKnownFileType = wrapper.framework; name = Foundation.framework; path = System/Library/Frameworks/Foundation.framework; sourceTree = SDKROOT; };
		9F46EEBA15504919009EFE4A /* CoreGraphics.framework */ = {isa = PBXFileReference; lastKnownFileType = wrapper.framework; name = CoreGraphics.framework; path = System/Library/Frameworks/CoreGraphics.framework; sourceTree = SDKROOT; };
		9F46EEBE15504919009EFE4A /* CincyTraffic-Info.plist */ = {isa = PBXFileReference; path = "CincyTraffic-Info.plist"; sourceTree = "<group>"; };
		9F46EEC015504919009EFE4A /* en */ = {isa = PBXFileReference; lastKnownFileType = text.plist.strings; name = en; path = en.lproj/InfoPlist.strings; sourceTree = "<group>"; };
		9F46EEC215504919009EFE4A /* main.m */ = {isa = PBXFileReference; lastKnownFileType = sourcecode.c.objc; path = main.m; sourceTree = "<group>"; };
		9F46EEC415504919009EFE4A /* CincyTraffic-Prefix.pch */ = {isa = PBXFileReference; path = "CincyTraffic-Prefix.pch"; sourceTree = "<group>"; };
		9F46EEC515504919009EFE4A /* CTAppDelegate.h */ = {isa = PBXFileReference; path = CTAppDelegate.h; sourceTree = "<group>"; };
		9F46EEC615504919009EFE4A /* CTAppDelegate.m */ = {isa = PBXFileReference; lastKnownFileType = sourcecode.c.objc; path = CTAppDelegate.m; sourceTree = "<group>"; };
		9F46EEC915504919009EFE4A /* en */ = {isa = PBXFileReference; lastKnownFileType = file.storyboard; name = en; path = en.lproj/MainStoryboard.storyboard; sourceTree = "<group>"; };
		9F46EECB15504919009EFE4A /* CTFirstViewController.h */ = {isa = PBXFileReference; path = CTFirstViewController.h; sourceTree = "<group>"; };
		9F46EECC15504919009EFE4A /* CTFirstViewController.m */ = {isa = PBXFileReference; lastKnownFileType = sourcecode.c.objc; path = CTFirstViewController.m; sourceTree = "<group>"; };
		9F46EECE15504919009EFE4A /* first.png */ = {isa = PBXFileReference; lastKnownFileType = image.png; path = first.png; sourceTree = "<group>"; };
		9F46EED015504919009EFE4A /* first@2x.png */ = {isa = PBXFileReference; lastKnownFileType = image.png; path = "first@2x.png"; sourceTree = "<group>"; };
		9F46EED215504919009EFE4A /* CTSecondViewController.h */ = {isa = PBXFileReference; path = CTSecondViewController.h; sourceTree = "<group>"; };
		9F46EED315504919009EFE4A /* CTSecondViewController.m */ = {isa = PBXFileReference; lastKnownFileType = sourcecode.c.objc; path = CTSecondViewController.m; sourceTree = "<group>"; };
		9F46EED515504919009EFE4A /* second.png */ = {isa = PBXFileReference; lastKnownFileType = image.png; path = second.png; sourceTree = "<group>"; };
		9F46EED715504919009EFE4A /* second@2x.png */ = {isa = PBXFileReference; lastKnownFileType = image.png; path = "second@2x.png"; sourceTree = "<group>"; };
		9F46EEDE15504919009EFE4A /* CincyTrafficTests.octest */ = {isa = PBXFileReference; explicitFileType = wrapper.cfbundle; includeInIndex = 0; path = CincyTrafficTests.octest; sourceTree = BUILT_PRODUCTS_DIR; };
		9F46EEDF15504919009EFE4A /* SenTestingKit.framework */ = {isa = PBXFileReference; lastKnownFileType = wrapper.framework; name = SenTestingKit.framework; path = Library/Frameworks/SenTestingKit.framework; sourceTree = DEVELOPER_DIR; };
		9F46EEE715504919009EFE4A /* CincyTrafficTests-Info.plist */ = {isa = PBXFileReference; path = "CincyTrafficTests-Info.plist"; sourceTree = "<group>"; };
		9F46EEE915504919009EFE4A /* en */ = {isa = PBXFileReference; lastKnownFileType = text.plist.strings; name = en; path = en.lproj/InfoPlist.strings; sourceTree = "<group>"; };
		9F46EEEB15504919009EFE4A /* CincyTrafficTests.h */ = {isa = PBXFileReference; path = CincyTrafficTests.h; sourceTree = "<group>"; };
		9F46EEEC15504919009EFE4A /* CincyTrafficTests.m */ = {isa = PBXFileReference; lastKnownFileType = sourcecode.c.objc; path = CincyTrafficTests.m; sourceTree = "<group>"; };
/* End PBXFileReference section */

/* Begin PBXFrameworksBuildPhase section */
		9F46EEAF15504919009EFE4A /* Frameworks */ = {
			isa = PBXFrameworksBuildPhase;
			buildActionMask = 2147483647;
			files = (
				9F46EEB715504919009EFE4A /* UIKit.framework in Frameworks */,
				9F46EEB915504919009EFE4A /* Foundation.framework in Frameworks */,
				9F46EEBB15504919009EFE4A /* CoreGraphics.framework in Frameworks */,
			);
			runOnlyForDeploymentPostprocessing = 0;
		};
		9F46EEDA15504919009EFE4A /* Frameworks */ = {
			isa = PBXFrameworksBuildPhase;
			buildActionMask = 2147483647;
			files = (
				9F46EEE015504919009EFE4A /* SenTestingKit.framework in Frameworks */,
				9F46EEE115504919009EFE4A /* UIKit.framework in Frameworks */,
				9F46EEE215504919009EFE4A /* Foundation.framework in Frameworks */,
			);
			runOnlyForDeploymentPostprocessing = 0;
		};
/* End PBXFrameworksBuildPhase section */

/* Begin PBXGroup section */
		9F46EEA715504919009EFE4A = {
			isa = PBXGroup;
			children = (
				9F46EEBC15504919009EFE4A /* CincyTraffic */,
				9F46EEE515504919009EFE4A /* CincyTrafficTests */,
				9F46EEB515504919009EFE4A /* Frameworks */,
				9F46EEB315504919009EFE4A /* Products */,
			);
			sourceTree = "<group>";
		};
		9F46EEB315504919009EFE4A /* Products */ = {
			isa = PBXGroup;
			children = (
				9F46EEB215504919009EFE4A /* CincyTraffic.app */,
				9F46EEDE15504919009EFE4A /* CincyTrafficTests.octest */,
			);
			name = Products;
			sourceTree = "<group>";
		};
		9F46EEB515504919009EFE4A /* Frameworks */ = {
			isa = PBXGroup;
			children = (
				9F46EEB615504919009EFE4A /* UIKit.framework */,
				9F46EEB815504919009EFE4A /* Foundation.framework */,
				9F46EEBA15504919009EFE4A /* CoreGraphics.framework */,
				9F46EEDF15504919009EFE4A /* SenTestingKit.framework */,
			);
			name = Frameworks;
			sourceTree = "<group>";
		};
		9F46EEBC15504919009EFE4A /* CincyTraffic */ = {
			isa = PBXGroup;
			children = (
				9F46EEC515504919009EFE4A /* CTAppDelegate.h */,
				9F46EEC615504919009EFE4A /* CTAppDelegate.m */,
				9F46EEC815504919009EFE4A /* MainStoryboard.storyboard */,
				9F46EECB15504919009EFE4A /* CTFirstViewController.h */,
				9F46EECC15504919009EFE4A /* CTFirstViewController.m */,
				9F46EECE15504919009EFE4A /* first.png */,
				9F46EED015504919009EFE4A /* first@2x.png */,
				9F46EED215504919009EFE4A /* CTSecondViewController.h */,
				9F46EED315504919009EFE4A /* CTSecondViewController.m */,
				9F46EED515504919009EFE4A /* second.png */,
				9F46EED715504919009EFE4A /* second@2x.png */,
				9F46EEBD15504919009EFE4A /* Supporting Files */,
			);
			path = CincyTraffic;
			sourceTree = "<group>";
		};
		9F46EEBD15504919009EFE4A /* Supporting Files */ = {
			isa = PBXGroup;
			children = (
				9F46EEBE15504919009EFE4A /* CincyTraffic-Info.plist */,
				9F46EEBF15504919009EFE4A /* InfoPlist.strings */,
				9F46EEC215504919009EFE4A /* main.m */,
				9F46EEC415504919009EFE4A /* CincyTraffic-Prefix.pch */,
			);
			name = "Supporting Files";
			sourceTree = "<group>";
		};
		9F46EEE515504919009EFE4A /* CincyTrafficTests */ = {
			isa = PBXGroup;
			children = (
				9F46EEEB15504919009EFE4A /* CincyTrafficTests.h */,
				9F46EEEC15504919009EFE4A /* CincyTrafficTests.m */,
				9F46EEE615504919009EFE4A /* Supporting Files */,
			);
			path = CincyTrafficTests;
			sourceTree = "<group>";
		};
		9F46EEE615504919009EFE4A /* Supporting Files */ = {
			isa = PBXGroup;
			children = (
				9F46EEE715504919009EFE4A /* CincyTrafficTests-Info.plist */,
				9F46EEE815504919009EFE4A /* InfoPlist.strings */,
			);
			name = "Supporting Files";
			sourceTree = "<group>";
		};
/* End PBXGroup section */

/* Begin PBXNativeTarget section */
		9F46EEB115504919009EFE4A /* CincyTraffic */ = {
			isa = PBXNativeTarget;
			buildConfigurationList = 9F46EEF015504919009EFE4A /* Build configuration list for PBXNativeTarget "CincyTraffic" */;
			buildPhases = (
				9F46EEAE15504919009EFE4A /* Sources */,
				9F46EEAF15504919009EFE4A /* Frameworks */,
				9F46EEB015504919009EFE4A /* Resources */,
			);
			buildRules = (
			);
			dependencies = (
			);
			name = CincyTraffic;
			productName = CincyTraffic;
			productReference = 9F46EEB215504919009EFE4A /* CincyTraffic.app */;
			productType = "com.apple.product-type.application";
		};
		9F46EEDD15504919009EFE4A /* CincyTrafficTests */ = {
			isa = PBXNativeTarget;
			buildConfigurationList = 9F46EEF315504919009EFE4A /* Build configuration list for PBXNativeTarget "CincyTrafficTests" */;
			buildPhases = (
				9F46EED915504919009EFE4A /* Sources */,
				9F46EEDA15504919009EFE4A /* Frameworks */,
				9F46EEDB15504919009EFE4A /* Resources */,
				9F46EEDC15504919009EFE4A /* ShellScript */,
			);
			buildRules = (
			);
			dependencies = (
				9F46EEE415504919009EFE4A /* PBXTargetDependency */,
			);
			name = CincyTrafficTests;
			productName = CincyTrafficTests;
			productReference = 9F46EEDE15504919009EFE4A /* CincyTrafficTests.octest */;
			productType = "com.apple.product-type.bundle";
		};
/* End PBXNativeTarget section */

/* Begin PBXProject section */
		9F46EEA915504919009EFE4A /* Project object */ = {
			isa = PBXProject;
			attributes = {
				CLASSPREFIX = CT;
				LastUpgradeCheck = 0430;
				ORGANIZATIONNAME = "26Webs LLC";
			};
			buildConfigurationList = 9F46EEAC15504919009EFE4A /* Build configuration list for PBXProject "CincyTraffic" */;
			compatibilityVersion = "Xcode 3.2";
			developmentRegion = English;
			hasScannedForEncodings = 0;
			knownRegions = (
				en,
			);
			mainGroup = 9F46EEA715504919009EFE4A;
			productRefGroup = 9F46EEB315504919009EFE4A /* Products */;
			projectDirPath = "";
			projectRoot = "";
			targets = (
				9F46EEB115504919009EFE4A /* CincyTraffic */,
				9F46EEDD15504919009EFE4A /* CincyTrafficTests */,
			);
		};
/* End PBXProject section */

/* Begin PBXResourcesBuildPhase section */
		9F46EEB015504919009EFE4A /* Resources */ = {
			isa = PBXResourcesBuildPhase;
			buildActionMask = 2147483647;
			files = (
				9F46EEC115504919009EFE4A /* InfoPlist.strings in Resources */,
				9F46EECA15504919009EFE4A /* MainStoryboard.storyboard in Resources */,
				9F46EECF15504919009EFE4A /* first.png in Resources */,
				9F46EED115504919009EFE4A /* first@2x.png in Resources */,
				9F46EED615504919009EFE4A /* second.png in Resources */,
				9F46EED815504919009EFE4A /* second@2x.png in Resources */,
			);
			runOnlyForDeploymentPostprocessing = 0;
		};
		9F46EEDB15504919009EFE4A /* Resources */ = {
			isa = PBXResourcesBuildPhase;
			buildActionMask = 2147483647;
			files = (
				9F46EEEA15504919009EFE4A /* InfoPlist.strings in Resources */,
			);
			runOnlyForDeploymentPostprocessing = 0;
		};
/* End PBXResourcesBuildPhase section */

/* Begin PBXShellScriptBuildPhase section */
		9F46EEDC15504919009EFE4A /* ShellScript */ = {
			isa = PBXShellScriptBuildPhase;
			buildActionMask = 2147483647;
			files = (
			);
			inputPaths = (
			);
			outputPaths = (
			);
			runOnlyForDeploymentPostprocessing = 0;
			shellPath = /bin/sh;
			shellScript = "# Run the unit tests in this test bundle.\n\"${SYSTEM_DEVELOPER_DIR}/Tools/RunUnitTests\"\n";
		};
/* End PBXShellScriptBuildPhase section */

/* Begin PBXSourcesBuildPhase section */
		9F46EEAE15504919009EFE4A /* Sources */ = {
			isa = PBXSourcesBuildPhase;
			buildActionMask = 2147483647;
			files = (
				9F46EEC315504919009EFE4A /* main.m in Sources */,
				9F46EEC715504919009EFE4A /* CTAppDelegate.m in Sources */,
				9F46EECD15504919009EFE4A /* CTFirstViewController.m in Sources */,
				9F46EED415504919009EFE4A /* CTSecondViewController.m in Sources */,
			);
			runOnlyForDeploymentPostprocessing = 0;
		};
		9F46EED915504919009EFE4A /* Sources */ = {
			isa = PBXSourcesBuildPhase;
			buildActionMask = 2147483647;
			files = (
				9F46EEED15504919009EFE4A /* CincyTrafficTests.m in Sources */,
			);
			runOnlyForDeploymentPostprocessing = 0;
		};
/* End PBXSourcesBuildPhase section */

/* Begin PBXTargetDependency section */
		9F46EEE415504919009EFE4A /* PBXTargetDependency */ = {
			isa = PBXTargetDependency;
			target = 9F46EEB115504919009EFE4A /* CincyTraffic */;
			targetProxy = 9F46EEE315504919009EFE4A /* PBXContainerItemProxy */;
		};
/* End PBXTargetDependency section */

/* Begin PBXVariantGroup section */
		9F46EEBF15504919009EFE4A /* InfoPlist.strings */ = {
			isa = PBXVariantGroup;
			children = (
				9F46EEC015504919009EFE4A /* en */,
			);
			name = InfoPlist.strings;
			sourceTree = "<group>";
		};
		9F46EEC815504919009EFE4A /* MainStoryboard.storyboard */ = {
			isa = PBXVariantGroup;
			children = (
				9F46EEC915504919009EFE4A /* en */,
			);
			name = MainStoryboard.storyboard;
			sourceTree = "<group>";
		};
		9F46EEE815504919009EFE4A /* InfoPlist.strings */ = {
			isa = PBXVariantGroup;
			children = (
				9F46EEE915504919009EFE4A /* en */,
			);
			name = InfoPlist.strings;
			sourceTree = "<group>";
		};
/* End PBXVariantGroup section */

/* Begin XCBuildConfiguration section */
		9F46EEEE15504919009EFE4A /* Debug */ = {
			isa = XCBuildConfiguration;
			buildSettings = {
				ALWAYS_SEARCH_USER_PATHS = NO;
				ARCHS = "$(ARCHS_STANDARD_32_BIT)";
				CLANG_ENABLE_OBJC_ARC = YES;
				"CODE_SIGN_IDENTITY[sdk=iphoneos*]" = "iPhone Developer";
				COPY_PHASE_STRIP = NO;
				GCC_C_LANGUAGE_STANDARD = gnu99;
				GCC_DYNAMIC_NO_PIC = NO;
				GCC_OPTIMIZATION_LEVEL = 0;
				GCC_PREPROCESSOR_DEFINITIONS = (
					"DEBUG=1",
					"$(inherited)",
				);
				GCC_SYMBOLS_PRIVATE_EXTERN = NO;
				GCC_VERSION = com.apple.compilers.llvm.clang.1_0;
				GCC_WARN_ABOUT_RETURN_TYPE = YES;
				GCC_WARN_UNINITIALIZED_AUTOS = YES;
				GCC_WARN_UNUSED_VARIABLE = YES;
				IPHONEOS_DEPLOYMENT_TARGET = 5.1;
				SDKROOT = iphoneos;
			};
			name = Debug;
		};
		9F46EEEF15504919009EFE4A /* Release */ = {
			isa = XCBuildConfiguration;
			buildSettings = {
				ALWAYS_SEARCH_USER_PATHS = NO;
				ARCHS = "$(ARCHS_STANDARD_32_BIT)";
				CLANG_ENABLE_OBJC_ARC = YES;
				"CODE_SIGN_IDENTITY[sdk=iphoneos*]" = "iPhone Developer";
				COPY_PHASE_STRIP = YES;
				GCC_C_LANGUAGE_STANDARD = gnu99;
				GCC_VERSION = com.apple.compilers.llvm.clang.1_0;
				GCC_WARN_ABOUT_RETURN_TYPE = YES;
				GCC_WARN_UNINITIALIZED_AUTOS = YES;
				GCC_WARN_UNUSED_VARIABLE = YES;
				IPHONEOS_DEPLOYMENT_TARGET = 5.1;
				OTHER_CFLAGS = "-DNS_BLOCK_ASSERTIONS=1";
				SDKROOT = iphoneos;
				VALIDATE_PRODUCT = YES;
			};
			name = Release;
		};
		9F46EEF115504919009EFE4A /* Debug */ = {
			isa = XCBuildConfiguration;
			buildSettings = {
				GCC_PRECOMPILE_PREFIX_HEADER = YES;
				GCC_PREFIX_HEADER = "CincyTraffic/CincyTraffic-Prefix.pch";
				INFOPLIST_FILE = "CincyTraffic/CincyTraffic-Info.plist";
				PRODUCT_NAME = "$(TARGET_NAME)";
				WRAPPER_EXTENSION = app;
			};
			name = Debug;
		};
		9F46EEF215504919009EFE4A /* Release */ = {
			isa = XCBuildConfiguration;
			buildSettings = {
				GCC_PRECOMPILE_PREFIX_HEADER = YES;
				GCC_PREFIX_HEADER = "CincyTraffic/CincyTraffic-Prefix.pch";
				INFOPLIST_FILE = "CincyTraffic/CincyTraffic-Info.plist";
				PRODUCT_NAME = "$(TARGET_NAME)";
				WRAPPER_EXTENSION = app;
			};
			name = Release;
		};
		9F46EEF415504919009EFE4A /* Debug */ = {
			isa = XCBuildConfiguration;
			buildSettings = {
				BUNDLE_LOADER = "$(BUILT_PRODUCTS_DIR)/CincyTraffic.app/CincyTraffic";
				FRAMEWORK_SEARCH_PATHS = (
					"$(SDKROOT)/Developer/Library/Frameworks",
					"$(DEVELOPER_LIBRARY_DIR)/Frameworks",
				);
				GCC_PRECOMPILE_PREFIX_HEADER = YES;
				GCC_PREFIX_HEADER = "CincyTraffic/CincyTraffic-Prefix.pch";
				INFOPLIST_FILE = "CincyTrafficTests/CincyTrafficTests-Info.plist";
				PRODUCT_NAME = "$(TARGET_NAME)";
				TEST_HOST = "$(BUNDLE_LOADER)";
				WRAPPER_EXTENSION = octest;
			};
			name = Debug;
		};
		9F46EEF515504919009EFE4A /* Release */ = {
			isa = XCBuildConfiguration;
			buildSettings = {
				BUNDLE_LOADER = "$(BUILT_PRODUCTS_DIR)/CincyTraffic.app/CincyTraffic";
				FRAMEWORK_SEARCH_PATHS = (
					"$(SDKROOT)/Developer/Library/Frameworks",
					"$(DEVELOPER_LIBRARY_DIR)/Frameworks",
				);
				GCC_PRECOMPILE_PREFIX_HEADER = YES;
				GCC_PREFIX_HEADER = "CincyTraffic/CincyTraffic-Prefix.pch";
				INFOPLIST_FILE = "CincyTrafficTests/CincyTrafficTests-Info.plist";
				PRODUCT_NAME = "$(TARGET_NAME)";
				TEST_HOST = "$(BUNDLE_LOADER)";
				WRAPPER_EXTENSION = octest;
			};
			name = Release;
		};
/* End XCBuildConfiguration section */

/* Begin XCConfigurationList section */
		9F46EEAC15504919009EFE4A /* Build configuration list for PBXProject "CincyTraffic" */ = {
			isa = XCConfigurationList;
			buildConfigurations = (
				9F46EEEE15504919009EFE4A /* Debug */,
				9F46EEEF15504919009EFE4A /* Release */,
			);
			defaultConfigurationIsVisible = 0;
			defaultConfigurationName = Release;
		};
		9F46EEF015504919009EFE4A /* Build configuration list for PBXNativeTarget "CincyTraffic" */ = {
			isa = XCConfigurationList;
			buildConfigurations = (
				9F46EEF115504919009EFE4A /* Debug */,
				9F46EEF215504919009EFE4A /* Release */,
			);
			defaultConfigurationIsVisible = 0;
		};
		9F46EEF315504919009EFE4A /* Build configuration list for PBXNativeTarget "CincyTrafficTests" */ = {
			isa = XCConfigurationList;
			buildConfigurations = (
				9F46EEF415504919009EFE4A /* Debug */,
				9F46EEF515504919009EFE4A /* Release */,
			);
			defaultConfigurationIsVisible = 0;
		};
/* End XCConfigurationList section */
	};
	rootObject = 9F46EEA915504919009EFE4A /* Project object */;
}
