// !$*UTF8*$!
{
	archiveVersion = 1;
	classes = {
	};
	objectVersion = 46;
	objects = {

/* Begin PBXBuildFile section */
		1F7ACB52814B4390946C3AC3 /* libPods.a in Frameworks */ = {isa = PBXBuildFile; fileRef = EE53C77DC7104554A5F1503F /* libPods.a */; };
		9F42BD3C15D5B3530058CBFC /* CTMapViewController.m in Sources */ = {isa = PBXBuildFile; fileRef = 9F42BD3B15D5B3530058CBFC /* CTMapViewController.m */; };
		9F42BD3D15D5B3530058CBFC /* CTMapViewController.m in Sources */ = {isa = PBXBuildFile; fileRef = 9F42BD3B15D5B3530058CBFC /* CTMapViewController.m */; };
		9F46EEB715504919009EFE4A /* UIKit.framework in Frameworks */ = {isa = PBXBuildFile; fileRef = 9F46EEB615504919009EFE4A /* UIKit.framework */; };
		9F46EEB915504919009EFE4A /* Foundation.framework in Frameworks */ = {isa = PBXBuildFile; fileRef = 9F46EEB815504919009EFE4A /* Foundation.framework */; };
		9F46EEBB15504919009EFE4A /* CoreGraphics.framework in Frameworks */ = {isa = PBXBuildFile; fileRef = 9F46EEBA15504919009EFE4A /* CoreGraphics.framework */; };
		9F46EEC115504919009EFE4A /* InfoPlist.strings in Resources */ = {isa = PBXBuildFile; fileRef = 9F46EEBF15504919009EFE4A /* InfoPlist.strings */; };
		9F46EEC315504919009EFE4A /* main.m in Sources */ = {isa = PBXBuildFile; fileRef = 9F46EEC215504919009EFE4A /* main.m */; };
		9F46EECA15504919009EFE4A /* MainStoryboard.storyboard in Resources */ = {isa = PBXBuildFile; fileRef = 9F46EEC815504919009EFE4A /* MainStoryboard.storyboard */; };
		9F46EEE015504919009EFE4A /* SenTestingKit.framework in Frameworks */ = {isa = PBXBuildFile; fileRef = 9F46EEDF15504919009EFE4A /* SenTestingKit.framework */; };
		9F46EEE115504919009EFE4A /* UIKit.framework in Frameworks */ = {isa = PBXBuildFile; fileRef = 9F46EEB615504919009EFE4A /* UIKit.framework */; };
		9F46EEE215504919009EFE4A /* Foundation.framework in Frameworks */ = {isa = PBXBuildFile; fileRef = 9F46EEB815504919009EFE4A /* Foundation.framework */; };
		9F46EEEA15504919009EFE4A /* InfoPlist.strings in Resources */ = {isa = PBXBuildFile; fileRef = 9F46EEE815504919009EFE4A /* InfoPlist.strings */; };
		9F46EEED15504919009EFE4A /* CincyTrafficTests.m in Sources */ = {isa = PBXBuildFile; fileRef = 9F46EEEC15504919009EFE4A /* CincyTrafficTests.m */; };
		9F46EF0215504ACC009EFE4A /* CTAppDelegate.m in Sources */ = {isa = PBXBuildFile; fileRef = 9F46EEFC15504ACC009EFE4A /* CTAppDelegate.m */; };
		9F46EF1615504AFD009EFE4A /* CCTV073.jpeg in Resources */ = {isa = PBXBuildFile; fileRef = 9F46EF1115504AFD009EFE4A /* CCTV073.jpeg */; };
		9F46EF1715504AFD009EFE4A /* first.png in Resources */ = {isa = PBXBuildFile; fileRef = 9F46EF1215504AFD009EFE4A /* first.png */; };
		9F46EF1815504AFD009EFE4A /* first@2x.png in Resources */ = {isa = PBXBuildFile; fileRef = 9F46EF1315504AFD009EFE4A /* first@2x.png */; };
		9F46EF1915504AFD009EFE4A /* second.png in Resources */ = {isa = PBXBuildFile; fileRef = 9F46EF1415504AFD009EFE4A /* second.png */; };
		9F46EF1A15504AFD009EFE4A /* second@2x.png in Resources */ = {isa = PBXBuildFile; fileRef = 9F46EF1515504AFD009EFE4A /* second@2x.png */; };
		9F46EF201550533F009EFE4A /* 86-camera.png in Resources */ = {isa = PBXBuildFile; fileRef = 9F46EF1F1550533F009EFE4A /* 86-camera.png */; };
		9F46EF2515505516009EFE4A /* CTCamerasViewController.m in Sources */ = {isa = PBXBuildFile; fileRef = 9F46EF2415505516009EFE4A /* CTCamerasViewController.m */; };
		9FAF2A4A1556CD1A00948F2A /* 71-compass.png in Resources */ = {isa = PBXBuildFile; fileRef = 9FAF2A491556CD1A00948F2A /* 71-compass.png */; };
		9FAF2A4C1556CD7500948F2A /* 07-map-marker.png in Resources */ = {isa = PBXBuildFile; fileRef = 9FAF2A4B1556CD7500948F2A /* 07-map-marker.png */; };
		9FB3BE78155617BF0046BF3A /* CTCameraFeed.m in Sources */ = {isa = PBXBuildFile; fileRef = 9FB3BE77155617BF0046BF3A /* CTCameraFeed.m */; };
		9FE56B7515516F8500781B0F /* CTCameraViewController.m in Sources */ = {isa = PBXBuildFile; fileRef = 9FE56B7415516F8500781B0F /* CTCameraViewController.m */; };
		9FE56B77155173D100781B0F /* MapKit.framework in Frameworks */ = {isa = PBXBuildFile; fileRef = 9FE56B76155173D100781B0F /* MapKit.framework */; };
		9FE56B7A15517AC100781B0F /* CTCameraAnnotation.m in Sources */ = {isa = PBXBuildFile; fileRef = 9FE56B7915517AC100781B0F /* CTCameraAnnotation.m */; };
		9FE56B7C155181AD00781B0F /* CoreLocation.framework in Frameworks */ = {isa = PBXBuildFile; fileRef = 9FE56B7B155181AD00781B0F /* CoreLocation.framework */; };
		9FE989E81555D576008A3F35 /* CTCameraSite.m in Sources */ = {isa = PBXBuildFile; fileRef = 9FE989E71555D576008A3F35 /* CTCameraSite.m */; };
		CDD9786BD7FD4E5BB6725D30 /* libPods.a in Frameworks */ = {isa = PBXBuildFile; fileRef = EE53C77DC7104554A5F1503F /* libPods.a */; };
/* End PBXBuildFile section */

/* Begin PBXContainerItemProxy section */
		9F46EEE315504919009EFE4A /* PBXContainerItemProxy */ = {
			isa = PBXContainerItemProxy;
			containerPortal = 9F46EEA915504919009EFE4A /* Project object */;
			proxyType = 1;
			remoteGlobalIDString = 9F46EEB115504919009EFE4A;
			remoteInfo = CincyTraffic;
		};
/* End PBXContainerItemProxy section */

/* Begin PBXFileReference section */
		60914D1B73CC4F35ABCE9585 /* Pods.xcconfig */ = {isa = PBXFileReference; lastKnownFileType = text.xcconfig; name = Pods.xcconfig; path = Pods/Pods.xcconfig; sourceTree = SOURCE_ROOT; };
		9F42BD3A15D5B3530058CBFC /* CTMapViewController.h */ = {isa = PBXFileReference; fileEncoding = 4; lastKnownFileType = sourcecode.c.h; path = CTMapViewController.h; sourceTree = "<group>"; };
		9F42BD3B15D5B3530058CBFC /* CTMapViewController.m */ = {isa = PBXFileReference; fileEncoding = 4; lastKnownFileType = sourcecode.c.objc; path = CTMapViewController.m; sourceTree = "<group>"; };
		9F46EEB215504919009EFE4A /* CincyTraffic.app */ = {isa = PBXFileReference; explicitFileType = wrapper.application; includeInIndex = 0; path = CincyTraffic.app; sourceTree = BUILT_PRODUCTS_DIR; };
		9F46EEB615504919009EFE4A /* UIKit.framework */ = {isa = PBXFileReference; lastKnownFileType = wrapper.framework; name = UIKit.framework; path = System/Library/Frameworks/UIKit.framework; sourceTree = SDKROOT; };
		9F46EEB815504919009EFE4A /* Foundation.framework */ = {isa = PBXFileReference; lastKnownFileType = wrapper.framework; name = Foundation.framework; path = System/Library/Frameworks/Foundation.framework; sourceTree = SDKROOT; };
		9F46EEBA15504919009EFE4A /* CoreGraphics.framework */ = {isa = PBXFileReference; lastKnownFileType = wrapper.framework; name = CoreGraphics.framework; path = System/Library/Frameworks/CoreGraphics.framework; sourceTree = SDKROOT; };
		9F46EEBE15504919009EFE4A /* CincyTraffic-Info.plist */ = {isa = PBXFileReference; lastKnownFileType = text.plist.xml; path = "CincyTraffic-Info.plist"; sourceTree = "<group>"; };
		9F46EEC015504919009EFE4A /* en */ = {isa = PBXFileReference; lastKnownFileType = text.plist.strings; name = en; path = en.lproj/InfoPlist.strings; sourceTree = "<group>"; };
		9F46EEC215504919009EFE4A /* main.m */ = {isa = PBXFileReference; lastKnownFileType = sourcecode.c.objc; path = main.m; sourceTree = "<group>"; };
		9F46EEC415504919009EFE4A /* CincyTraffic-Prefix.pch */ = {isa = PBXFileReference; lastKnownFileType = sourcecode.c.h; path = "CincyTraffic-Prefix.pch"; sourceTree = "<group>"; };
		9F46EEC915504919009EFE4A /* en */ = {isa = PBXFileReference; lastKnownFileType = file.storyboard; name = en; path = en.lproj/MainStoryboard.storyboard; sourceTree = "<group>"; };
		9F46EEDE15504919009EFE4A /* CincyTrafficTests.octest */ = {isa = PBXFileReference; explicitFileType = wrapper.cfbundle; includeInIndex = 0; path = CincyTrafficTests.octest; sourceTree = BUILT_PRODUCTS_DIR; };
		9F46EEDF15504919009EFE4A /* SenTestingKit.framework */ = {isa = PBXFileReference; lastKnownFileType = wrapper.framework; name = SenTestingKit.framework; path = Library/Frameworks/SenTestingKit.framework; sourceTree = DEVELOPER_DIR; };
		9F46EEE715504919009EFE4A /* CincyTrafficTests-Info.plist */ = {isa = PBXFileReference; lastKnownFileType = text.plist.xml; path = "CincyTrafficTests-Info.plist"; sourceTree = "<group>"; };
		9F46EEE915504919009EFE4A /* en */ = {isa = PBXFileReference; lastKnownFileType = text.plist.strings; name = en; path = en.lproj/InfoPlist.strings; sourceTree = "<group>"; };
		9F46EEEB15504919009EFE4A /* CincyTrafficTests.h */ = {isa = PBXFileReference; lastKnownFileType = sourcecode.c.h; path = CincyTrafficTests.h; sourceTree = "<group>"; };
		9F46EEEC15504919009EFE4A /* CincyTrafficTests.m */ = {isa = PBXFileReference; lastKnownFileType = sourcecode.c.objc; path = CincyTrafficTests.m; sourceTree = "<group>"; };
		9F46EEFB15504ACC009EFE4A /* CTAppDelegate.h */ = {isa = PBXFileReference; fileEncoding = 4; lastKnownFileType = sourcecode.c.h; path = CTAppDelegate.h; sourceTree = "<group>"; };
		9F46EEFC15504ACC009EFE4A /* CTAppDelegate.m */ = {isa = PBXFileReference; fileEncoding = 4; lastKnownFileType = sourcecode.c.objc; path = CTAppDelegate.m; sourceTree = "<group>"; };
		9F46EF1115504AFD009EFE4A /* CCTV073.jpeg */ = {isa = PBXFileReference; lastKnownFileType = image.jpeg; name = CCTV073.jpeg; path = Resources/Images/CCTV073.jpeg; sourceTree = "<group>"; };
		9F46EF1215504AFD009EFE4A /* first.png */ = {isa = PBXFileReference; lastKnownFileType = image.png; name = first.png; path = Resources/Images/first.png; sourceTree = "<group>"; };
		9F46EF1315504AFD009EFE4A /* first@2x.png */ = {isa = PBXFileReference; lastKnownFileType = image.png; name = "first@2x.png"; path = "Resources/Images/first@2x.png"; sourceTree = "<group>"; };
		9F46EF1415504AFD009EFE4A /* second.png */ = {isa = PBXFileReference; lastKnownFileType = image.png; name = second.png; path = Resources/Images/second.png; sourceTree = "<group>"; };
		9F46EF1515504AFD009EFE4A /* second@2x.png */ = {isa = PBXFileReference; lastKnownFileType = image.png; name = "second@2x.png"; path = "Resources/Images/second@2x.png"; sourceTree = "<group>"; };
		9F46EF1F1550533F009EFE4A /* 86-camera.png */ = {isa = PBXFileReference; lastKnownFileType = image.png; path = "86-camera.png"; sourceTree = "<group>"; };
		9F46EF2315505516009EFE4A /* CTCamerasViewController.h */ = {isa = PBXFileReference; fileEncoding = 4; lastKnownFileType = sourcecode.c.h; path = CTCamerasViewController.h; sourceTree = "<group>"; };
		9F46EF2415505516009EFE4A /* CTCamerasViewController.m */ = {isa = PBXFileReference; fileEncoding = 4; lastKnownFileType = sourcecode.c.objc; path = CTCamerasViewController.m; sourceTree = "<group>"; };
		9FAF2A491556CD1A00948F2A /* 71-compass.png */ = {isa = PBXFileReference; lastKnownFileType = image.png; name = "71-compass.png"; path = "Resources/Images/71-compass.png"; sourceTree = "<group>"; };
		9FAF2A4B1556CD7500948F2A /* 07-map-marker.png */ = {isa = PBXFileReference; lastKnownFileType = image.png; name = "07-map-marker.png"; path = "Resources/Images/07-map-marker.png"; sourceTree = "<group>"; };
		9FB3BE76155617BF0046BF3A /* CTCameraFeed.h */ = {isa = PBXFileReference; fileEncoding = 4; lastKnownFileType = sourcecode.c.h; path = CTCameraFeed.h; sourceTree = "<group>"; };
		9FB3BE77155617BF0046BF3A /* CTCameraFeed.m */ = {isa = PBXFileReference; fileEncoding = 4; lastKnownFileType = sourcecode.c.objc; path = CTCameraFeed.m; sourceTree = "<group>"; };
		9FE56B7315516F8500781B0F /* CTCameraViewController.h */ = {isa = PBXFileReference; fileEncoding = 4; lastKnownFileType = sourcecode.c.h; path = CTCameraViewController.h; sourceTree = "<group>"; };
		9FE56B7415516F8500781B0F /* CTCameraViewController.m */ = {isa = PBXFileReference; fileEncoding = 4; lastKnownFileType = sourcecode.c.objc; path = CTCameraViewController.m; sourceTree = "<group>"; };
		9FE56B76155173D100781B0F /* MapKit.framework */ = {isa = PBXFileReference; lastKnownFileType = wrapper.framework; name = MapKit.framework; path = System/Library/Frameworks/MapKit.framework; sourceTree = SDKROOT; };
		9FE56B7815517AC100781B0F /* CTCameraAnnotation.h */ = {isa = PBXFileReference; fileEncoding = 4; lastKnownFileType = sourcecode.c.h; path = CTCameraAnnotation.h; sourceTree = "<group>"; };
		9FE56B7915517AC100781B0F /* CTCameraAnnotation.m */ = {isa = PBXFileReference; fileEncoding = 4; lastKnownFileType = sourcecode.c.objc; path = CTCameraAnnotation.m; sourceTree = "<group>"; };
		9FE56B7B155181AD00781B0F /* CoreLocation.framework */ = {isa = PBXFileReference; lastKnownFileType = wrapper.framework; name = CoreLocation.framework; path = System/Library/Frameworks/CoreLocation.framework; sourceTree = SDKROOT; };
		9FE989E61555D576008A3F35 /* CTCameraSite.h */ = {isa = PBXFileReference; fileEncoding = 4; lastKnownFileType = sourcecode.c.h; path = CTCameraSite.h; sourceTree = "<group>"; };
		9FE989E71555D576008A3F35 /* CTCameraSite.m */ = {isa = PBXFileReference; fileEncoding = 4; lastKnownFileType = sourcecode.c.objc; path = CTCameraSite.m; sourceTree = "<group>"; };
		EE53C77DC7104554A5F1503F /* libPods.a */ = {isa = PBXFileReference; explicitFileType = archive.ar; includeInIndex = 0; path = libPods.a; sourceTree = BUILT_PRODUCTS_DIR; };
/* End PBXFileReference section */

/* Begin PBXFrameworksBuildPhase section */
		9F46EEAF15504919009EFE4A /* Frameworks */ = {
			isa = PBXFrameworksBuildPhase;
			buildActionMask = 2147483647;
			files = (
				1F7ACB52814B4390946C3AC3 /* libPods.a in Frameworks */,
				9F46EEB715504919009EFE4A /* UIKit.framework in Frameworks */,
				9F46EEB915504919009EFE4A /* Foundation.framework in Frameworks */,
				9F46EEBB15504919009EFE4A /* CoreGraphics.framework in Frameworks */,
				9FE56B77155173D100781B0F /* MapKit.framework in Frameworks */,
				9FE56B7C155181AD00781B0F /* CoreLocation.framework in Frameworks */,
			);
			runOnlyForDeploymentPostprocessing = 0;
		};
		9F46EEDA15504919009EFE4A /* Frameworks */ = {
			isa = PBXFrameworksBuildPhase;
			buildActionMask = 2147483647;
			files = (
				9F46EEE015504919009EFE4A /* SenTestingKit.framework in Frameworks */,
				9F46EEE115504919009EFE4A /* UIKit.framework in Frameworks */,
				9F46EEE215504919009EFE4A /* Foundation.framework in Frameworks */,
				CDD9786BD7FD4E5BB6725D30 /* libPods.a in Frameworks */,
			);
			runOnlyForDeploymentPostprocessing = 0;
		};
/* End PBXFrameworksBuildPhase section */

/* Begin PBXGroup section */
		9F46EEA715504919009EFE4A = {
			isa = PBXGroup;
			children = (
				9F46EEBC15504919009EFE4A /* CincyTraffic */,
				9F46EEE515504919009EFE4A /* CincyTrafficTests */,
				9F46EEB515504919009EFE4A /* Frameworks */,
				9F46EEB315504919009EFE4A /* Products */,
				60914D1B73CC4F35ABCE9585 /* Pods.xcconfig */,
			);
			sourceTree = "<group>";
		};
		9F46EEB315504919009EFE4A /* Products */ = {
			isa = PBXGroup;
			children = (
				9F46EEB215504919009EFE4A /* CincyTraffic.app */,
				9F46EEDE15504919009EFE4A /* CincyTrafficTests.octest */,
			);
			name = Products;
			sourceTree = "<group>";
		};
		9F46EEB515504919009EFE4A /* Frameworks */ = {
			isa = PBXGroup;
			children = (
				9FE56B7B155181AD00781B0F /* CoreLocation.framework */,
				9FE56B76155173D100781B0F /* MapKit.framework */,
				9F46EEB615504919009EFE4A /* UIKit.framework */,
				9F46EEB815504919009EFE4A /* Foundation.framework */,
				9F46EEBA15504919009EFE4A /* CoreGraphics.framework */,
				9F46EEDF15504919009EFE4A /* SenTestingKit.framework */,
				EE53C77DC7104554A5F1503F /* libPods.a */,
			);
			name = Frameworks;
			sourceTree = "<group>";
		};
		9F46EEBC15504919009EFE4A /* CincyTraffic */ = {
			isa = PBXGroup;
			children = (
				9F46EEC215504919009EFE4A /* main.m */,
				9F46EEFA15504ACC009EFE4A /* Classes */,
				9F46EEF615504A58009EFE4A /* Resources */,
				9F46EEC815504919009EFE4A /* MainStoryboard.storyboard */,
				9F46EEBD15504919009EFE4A /* Supporting Files */,
			);
			path = CincyTraffic;
			sourceTree = "<group>";
		};
		9F46EEBD15504919009EFE4A /* Supporting Files */ = {
			isa = PBXGroup;
			children = (
				9F46EEBE15504919009EFE4A /* CincyTraffic-Info.plist */,
				9F46EEBF15504919009EFE4A /* InfoPlist.strings */,
				9F46EEC415504919009EFE4A /* CincyTraffic-Prefix.pch */,
			);
			name = "Supporting Files";
			sourceTree = "<group>";
		};
		9F46EEE515504919009EFE4A /* CincyTrafficTests */ = {
			isa = PBXGroup;
			children = (
				9F46EEEB15504919009EFE4A /* CincyTrafficTests.h */,
				9F46EEEC15504919009EFE4A /* CincyTrafficTests.m */,
				9F46EEE615504919009EFE4A /* Supporting Files */,
			);
			path = CincyTrafficTests;
			sourceTree = "<group>";
		};
		9F46EEE615504919009EFE4A /* Supporting Files */ = {
			isa = PBXGroup;
			children = (
				9F46EEE715504919009EFE4A /* CincyTrafficTests-Info.plist */,
				9F46EEE815504919009EFE4A /* InfoPlist.strings */,
			);
			name = "Supporting Files";
			sourceTree = "<group>";
		};
		9F46EEF615504A58009EFE4A /* Resources */ = {
			isa = PBXGroup;
			children = (
				9F46EEF715504A5E009EFE4A /* Images */,
			);
			name = Resources;
			sourceTree = "<group>";
		};
		9F46EEF715504A5E009EFE4A /* Images */ = {
			isa = PBXGroup;
			children = (
				9FAF2A4B1556CD7500948F2A /* 07-map-marker.png */,
				9FAF2A491556CD1A00948F2A /* 71-compass.png */,
				9F46EF1F1550533F009EFE4A /* 86-camera.png */,
				9F46EF1115504AFD009EFE4A /* CCTV073.jpeg */,
				9F46EF1215504AFD009EFE4A /* first.png */,
				9F46EF1315504AFD009EFE4A /* first@2x.png */,
				9F46EF1415504AFD009EFE4A /* second.png */,
				9F46EF1515504AFD009EFE4A /* second@2x.png */,
			);
			name = Images;
			sourceTree = "<group>";
		};
		9F46EEFA15504ACC009EFE4A /* Classes */ = {
			isa = PBXGroup;
			children = (
				9FE56B7815517AC100781B0F /* CTCameraAnnotation.h */,
				9FE56B7915517AC100781B0F /* CTCameraAnnotation.m */,
				9F46EEFB15504ACC009EFE4A /* CTAppDelegate.h */,
				9F46EEFC15504ACC009EFE4A /* CTAppDelegate.m */,
				9FB3BE76155617BF0046BF3A /* CTCameraFeed.h */,
				9FB3BE77155617BF0046BF3A /* CTCameraFeed.m */,
				9FE989E61555D576008A3F35 /* CTCameraSite.h */,
				9FE989E71555D576008A3F35 /* CTCameraSite.m */,
				9F46EF2315505516009EFE4A /* CTCamerasViewController.h */,
				9F46EF2415505516009EFE4A /* CTCamerasViewController.m */,
				9FE56B7315516F8500781B0F /* CTCameraViewController.h */,
				9FE56B7415516F8500781B0F /* CTCameraViewController.m */,
				9F42BD3A15D5B3530058CBFC /* CTMapViewController.h */,
				9F42BD3B15D5B3530058CBFC /* CTMapViewController.m */,
			);
			path = Classes;
			sourceTree = "<group>";
		};
/* End PBXGroup section */

/* Begin PBXNativeTarget section */
		9F46EEB115504919009EFE4A /* CincyTraffic */ = {
			isa = PBXNativeTarget;
			buildConfigurationList = 9F46EEF015504919009EFE4A /* Build configuration list for PBXNativeTarget "CincyTraffic" */;
			buildPhases = (
				9F46EEAE15504919009EFE4A /* Sources */,
				9F46EEAF15504919009EFE4A /* Frameworks */,
				9F46EEB015504919009EFE4A /* Resources */,
				C076937FB625442A93F4BB20 /* Copy Pods Resources */,
			);
			buildRules = (
			);
			dependencies = (
			);
			name = CincyTraffic;
			productName = CincyTraffic;
			productReference = 9F46EEB215504919009EFE4A /* CincyTraffic.app */;
			productType = "com.apple.product-type.application";
		};
		9F46EEDD15504919009EFE4A /* CincyTrafficTests */ = {
			isa = PBXNativeTarget;
			buildConfigurationList = 9F46EEF315504919009EFE4A /* Build configuration list for PBXNativeTarget "CincyTrafficTests" */;
			buildPhases = (
				9F46EED915504919009EFE4A /* Sources */,
				9F46EEDA15504919009EFE4A /* Frameworks */,
				9F46EEDB15504919009EFE4A /* Resources */,
				9F46EEDC15504919009EFE4A /* ShellScript */,
				C076937FB625442A93F4BB20 /* Copy Pods Resources */,
			);
			buildRules = (
			);
			dependencies = (
				9F46EEE415504919009EFE4A /* PBXTargetDependency */,
			);
			name = CincyTrafficTests;
			productName = CincyTrafficTests;
			productReference = 9F46EEDE15504919009EFE4A /* CincyTrafficTests.octest */;
			productType = "com.apple.product-type.bundle";
		};
/* End PBXNativeTarget section */

/* Begin PBXProject section */
		9F46EEA915504919009EFE4A /* Project object */ = {
			isa = PBXProject;
			attributes = {
				CLASSPREFIX = CT;
				LastUpgradeCheck = 0430;
				ORGANIZATIONNAME = "26Webs LLC";
			};
			buildConfigurationList = 9F46EEAC15504919009EFE4A /* Build configuration list for PBXProject "CincyTraffic" */;
			compatibilityVersion = "Xcode 3.2";
			developmentRegion = English;
			hasScannedForEncodings = 0;
			knownRegions = (
				en,
			);
			mainGroup = 9F46EEA715504919009EFE4A;
			productRefGroup = 9F46EEB315504919009EFE4A /* Products */;
			projectDirPath = "";
			projectRoot = "";
			targets = (
				9F46EEB115504919009EFE4A /* CincyTraffic */,
				9F46EEDD15504919009EFE4A /* CincyTrafficTests */,
			);
		};
/* End PBXProject section */

/* Begin PBXResourcesBuildPhase section */
		9F46EEB015504919009EFE4A /* Resources */ = {
			isa = PBXResourcesBuildPhase;
			buildActionMask = 2147483647;
			files = (
				9F46EEC115504919009EFE4A /* InfoPlist.strings in Resources */,
				9F46EECA15504919009EFE4A /* MainStoryboard.storyboard in Resources */,
				9F46EF1615504AFD009EFE4A /* CCTV073.jpeg in Resources */,
				9F46EF1715504AFD009EFE4A /* first.png in Resources */,
				9F46EF1815504AFD009EFE4A /* first@2x.png in Resources */,
				9F46EF1915504AFD009EFE4A /* second.png in Resources */,
				9F46EF1A15504AFD009EFE4A /* second@2x.png in Resources */,
				9F46EF201550533F009EFE4A /* 86-camera.png in Resources */,
				9FAF2A4A1556CD1A00948F2A /* 71-compass.png in Resources */,
				9FAF2A4C1556CD7500948F2A /* 07-map-marker.png in Resources */,
			);
			runOnlyForDeploymentPostprocessing = 0;
		};
		9F46EEDB15504919009EFE4A /* Resources */ = {
			isa = PBXResourcesBuildPhase;
			buildActionMask = 2147483647;
			files = (
				9F46EEEA15504919009EFE4A /* InfoPlist.strings in Resources */,
			);
			runOnlyForDeploymentPostprocessing = 0;
		};
/* End PBXResourcesBuildPhase section */

/* Begin PBXShellScriptBuildPhase section */
		9F46EEDC15504919009EFE4A /* ShellScript */ = {
			isa = PBXShellScriptBuildPhase;
			buildActionMask = 2147483647;
			files = (
			);
			inputPaths = (
			);
			outputPaths = (
			);
			runOnlyForDeploymentPostprocessing = 0;
			shellPath = /bin/sh;
			shellScript = "# Run the unit tests in this test bundle.\n\"${SYSTEM_DEVELOPER_DIR}/Tools/RunUnitTests\"\n";
		};
		C076937FB625442A93F4BB20 /* Copy Pods Resources */ = {
			isa = PBXShellScriptBuildPhase;
			buildActionMask = 2147483647;
			files = (
			);
			inputPaths = (
			);
			name = "Copy Pods Resources";
			outputPaths = (
			);
			runOnlyForDeploymentPostprocessing = 0;
			shellPath = /bin/sh;
			shellScript = "\"${SRCROOT}/Pods/Pods-resources.sh\"\n";
		};
/* End PBXShellScriptBuildPhase section */

/* Begin PBXSourcesBuildPhase section */
		9F46EEAE15504919009EFE4A /* Sources */ = {
			isa = PBXSourcesBuildPhase;
			buildActionMask = 2147483647;
			files = (
				9F46EEC315504919009EFE4A /* main.m in Sources */,
				9F46EF0215504ACC009EFE4A /* CTAppDelegate.m in Sources */,
				9F46EF2515505516009EFE4A /* CTCamerasViewController.m in Sources */,
				9FE56B7515516F8500781B0F /* CTCameraViewController.m in Sources */,
				9FE56B7A15517AC100781B0F /* CTCameraAnnotation.m in Sources */,
				9FE989E81555D576008A3F35 /* CTCameraSite.m in Sources */,
				9FB3BE78155617BF0046BF3A /* CTCameraFeed.m in Sources */,
				9F42BD3C15D5B3530058CBFC /* CTMapViewController.m in Sources */,
			);
			runOnlyForDeploymentPostprocessing = 0;
		};
		9F46EED915504919009EFE4A /* Sources */ = {
			isa = PBXSourcesBuildPhase;
			buildActionMask = 2147483647;
			files = (
				9F46EEED15504919009EFE4A /* CincyTrafficTests.m in Sources */,
				9F42BD3D15D5B3530058CBFC /* CTMapViewController.m in Sources */,
			);
			runOnlyForDeploymentPostprocessing = 0;
		};
/* End PBXSourcesBuildPhase section */

/* Begin PBXTargetDependency section */
		9F46EEE415504919009EFE4A /* PBXTargetDependency */ = {
			isa = PBXTargetDependency;
			target = 9F46EEB115504919009EFE4A /* CincyTraffic */;
			targetProxy = 9F46EEE315504919009EFE4A /* PBXContainerItemProxy */;
		};
/* End PBXTargetDependency section */

/* Begin PBXVariantGroup section */
		9F46EEBF15504919009EFE4A /* InfoPlist.strings */ = {
			isa = PBXVariantGroup;
			children = (
				9F46EEC015504919009EFE4A /* en */,
			);
			name = InfoPlist.strings;
			sourceTree = "<group>";
		};
		9F46EEC815504919009EFE4A /* MainStoryboard.storyboard */ = {
			isa = PBXVariantGroup;
			children = (
				9F46EEC915504919009EFE4A /* en */,
			);
			name = MainStoryboard.storyboard;
			sourceTree = "<group>";
		};
		9F46EEE815504919009EFE4A /* InfoPlist.strings */ = {
			isa = PBXVariantGroup;
			children = (
				9F46EEE915504919009EFE4A /* en */,
			);
			name = InfoPlist.strings;
			sourceTree = "<group>";
		};
/* End PBXVariantGroup section */

/* Begin XCBuildConfiguration section */
		9F46EEEE15504919009EFE4A /* Debug */ = {
			isa = XCBuildConfiguration;
			buildSettings = {
				ALWAYS_SEARCH_USER_PATHS = NO;
				ARCHS = "$(ARCHS_STANDARD_32_BIT)";
				CLANG_ENABLE_OBJC_ARC = YES;
				"CODE_SIGN_IDENTITY[sdk=iphoneos*]" = "iPhone Developer";
				COPY_PHASE_STRIP = NO;
				GCC_C_LANGUAGE_STANDARD = gnu99;
				GCC_DYNAMIC_NO_PIC = NO;
				GCC_OPTIMIZATION_LEVEL = 0;
				GCC_PREPROCESSOR_DEFINITIONS = (
					"DEBUG=1",
					"$(inherited)",
				);
				GCC_SYMBOLS_PRIVATE_EXTERN = NO;
				GCC_VERSION = com.apple.compilers.llvm.clang.1_0;
				GCC_WARN_ABOUT_RETURN_TYPE = YES;
				GCC_WARN_UNINITIALIZED_AUTOS = YES;
				GCC_WARN_UNUSED_VARIABLE = YES;
				IPHONEOS_DEPLOYMENT_TARGET = 5.1;
				SDKROOT = iphoneos;
				SKIP_INSTALL = YES;
			};
			name = Debug;
		};
		9F46EEEF15504919009EFE4A /* Release */ = {
			isa = XCBuildConfiguration;
			buildSettings = {
				ALWAYS_SEARCH_USER_PATHS = NO;
				ARCHS = "$(ARCHS_STANDARD_32_BIT)";
				CLANG_ENABLE_OBJC_ARC = YES;
				"CODE_SIGN_IDENTITY[sdk=iphoneos*]" = "iPhone Developer";
				COPY_PHASE_STRIP = YES;
				GCC_C_LANGUAGE_STANDARD = gnu99;
				GCC_VERSION = com.apple.compilers.llvm.clang.1_0;
				GCC_WARN_ABOUT_RETURN_TYPE = YES;
				GCC_WARN_UNINITIALIZED_AUTOS = YES;
				GCC_WARN_UNUSED_VARIABLE = YES;
				IPHONEOS_DEPLOYMENT_TARGET = 5.1;
				OTHER_CFLAGS = "-DNS_BLOCK_ASSERTIONS=1";
				SDKROOT = iphoneos;
				SKIP_INSTALL = YES;
				VALIDATE_PRODUCT = YES;
			};
			name = Release;
		};
		9F46EEF115504919009EFE4A /* Debug */ = {
			isa = XCBuildConfiguration;
			baseConfigurationReference = 60914D1B73CC4F35ABCE9585 /* Pods.xcconfig */;
			buildSettings = {
				CODE_SIGN_IDENTITY = "iPhone Developer";
				DSTROOT = /tmp/xcodeproj.dst;
				GCC_PRECOMPILE_PREFIX_HEADER = YES;
				GCC_PREFIX_HEADER = "CincyTraffic/CincyTraffic-Prefix.pch";
				GCC_VERSION = com.apple.compilers.llvm.clang.1_0;
				INFOPLIST_FILE = "CincyTraffic/CincyTraffic-Info.plist";
				PRODUCT_NAME = "$(TARGET_NAME)";
				PROVISIONING_PROFILE = "";
				SKIP_INSTALL = NO;
				WRAPPER_EXTENSION = app;
			};
			name = Debug;
		};
		9F46EEF215504919009EFE4A /* Release */ = {
			isa = XCBuildConfiguration;
			baseConfigurationReference = 60914D1B73CC4F35ABCE9585 /* Pods.xcconfig */;
			buildSettings = {
				CODE_SIGN_IDENTITY = "iPhone Distribution: 26Webs LLC";
				"CODE_SIGN_IDENTITY[sdk=iphoneos*]" = "iPhone Distribution: 26Webs LLC";
				DSTROOT = /tmp/xcodeproj.dst;
				GCC_PRECOMPILE_PREFIX_HEADER = YES;
				GCC_PREFIX_HEADER = "CincyTraffic/CincyTraffic-Prefix.pch";
				GCC_VERSION = com.apple.compilers.llvm.clang.1_0;
				INFOPLIST_FILE = "CincyTraffic/CincyTraffic-Info.plist";
				PRODUCT_NAME = "$(TARGET_NAME)";
				PROVISIONING_PROFILE = "5BB0B6A7-0B9E-41F9-82AE-C042D9931111";
				"PROVISIONING_PROFILE[sdk=iphoneos*]" = "5BB0B6A7-0B9E-41F9-82AE-C042D9931111";
				SKIP_INSTALL = NO;
				WRAPPER_EXTENSION = app;
			};
			name = Release;
		};
		9F46EEF415504919009EFE4A /* Debug */ = {
			isa = XCBuildConfiguration;
			baseConfigurationReference = 60914D1B73CC4F35ABCE9585 /* Pods.xcconfig */;
			buildSettings = {
				BUNDLE_LOADER = "$(BUILT_PRODUCTS_DIR)/CincyTraffic.app/CincyTraffic";
				DSTROOT = /tmp/xcodeproj.dst;
				FRAMEWORK_SEARCH_PATHS = (
					"$(SDKROOT)/Developer/Library/Frameworks",
					"$(DEVELOPER_LIBRARY_DIR)/Frameworks",
				);
				GCC_PRECOMPILE_PREFIX_HEADER = YES;
				GCC_PREFIX_HEADER = "CincyTraffic/CincyTraffic-Prefix.pch";
				GCC_VERSION = com.apple.compilers.llvm.clang.1_0;
				INFOPLIST_FILE = "CincyTrafficTests/CincyTrafficTests-Info.plist";
				PRODUCT_NAME = "$(TARGET_NAME)";
				SKIP_INSTALL = YES;
				TEST_HOST = "$(BUNDLE_LOADER)";
				WRAPPER_EXTENSION = octest;
			};
			name = Debug;
		};
		9F46EEF515504919009EFE4A /* Release */ = {
			isa = XCBuildConfiguration;
			baseConfigurationReference = 60914D1B73CC4F35ABCE9585 /* Pods.xcconfig */;
			buildSettings = {
				BUNDLE_LOADER = "$(BUILT_PRODUCTS_DIR)/CincyTraffic.app/CincyTraffic";
				DSTROOT = /tmp/xcodeproj.dst;
				FRAMEWORK_SEARCH_PATHS = (
					"$(SDKROOT)/Developer/Library/Frameworks",
					"$(DEVELOPER_LIBRARY_DIR)/Frameworks",
				);
				GCC_PRECOMPILE_PREFIX_HEADER = YES;
				GCC_PREFIX_HEADER = "CincyTraffic/CincyTraffic-Prefix.pch";
				GCC_VERSION = com.apple.compilers.llvm.clang.1_0;
				INFOPLIST_FILE = "CincyTrafficTests/CincyTrafficTests-Info.plist";
				PRODUCT_NAME = "$(TARGET_NAME)";
				SKIP_INSTALL = YES;
				TEST_HOST = "$(BUNDLE_LOADER)";
				WRAPPER_EXTENSION = octest;
			};
			name = Release;
		};
/* End XCBuildConfiguration section */

/* Begin XCConfigurationList section */
		9F46EEAC15504919009EFE4A /* Build configuration list for PBXProject "CincyTraffic" */ = {
			isa = XCConfigurationList;
			buildConfigurations = (
				9F46EEEE15504919009EFE4A /* Debug */,
				9F46EEEF15504919009EFE4A /* Release */,
			);
			defaultConfigurationIsVisible = 0;
			defaultConfigurationName = Release;
		};
		9F46EEF015504919009EFE4A /* Build configuration list for PBXNativeTarget "CincyTraffic" */ = {
			isa = XCConfigurationList;
			buildConfigurations = (
				9F46EEF115504919009EFE4A /* Debug */,
				9F46EEF215504919009EFE4A /* Release */,
			);
			defaultConfigurationIsVisible = 0;
			defaultConfigurationName = Release;
		};
		9F46EEF315504919009EFE4A /* Build configuration list for PBXNativeTarget "CincyTrafficTests" */ = {
			isa = XCConfigurationList;
			buildConfigurations = (
				9F46EEF415504919009EFE4A /* Debug */,
				9F46EEF515504919009EFE4A /* Release */,
			);
			defaultConfigurationIsVisible = 0;
			defaultConfigurationName = Release;
		};
/* End XCConfigurationList section */
	};
	rootObject = 9F46EEA915504919009EFE4A /* Project object */;
}
